<?xml version="1.0" encoding="UTF-8" standalone="yes" ?>
<CodeBlocks_project_file>
	<FileVersion major="1" minor="6" />
	<Project>
		<Option title="robot_console" />
		<Option pch_mode="2" />
		<Option compiler="arm-elf-gcc" />
		<Build>
			<Target title="Debug">
				<Option output="bin/Debug/robot_console" prefix_auto="1" extension_auto="1" />
				<Option object_output="obj/Debug/" />
				<Option type="1" />
				<Option compiler="arm-elf-gcc" />
				<Compiler>
					<Add option="-g" />
				</Compiler>
			</Target>
			<Target title="Release">
				<Option output="bin/Release/robot_console" prefix_auto="1" extension_auto="1" />
				<Option object_output="obj/Release/" />
				<Option type="1" />
				<Option compiler="arm-elf-gcc" />
				<Compiler>
					<Add option="-O2" />
				</Compiler>
				<Linker>
					<Add option="-s" />
				</Linker>
			</Target>
		</Build>
		<Compiler>
			<Add option="-Wall" />
		</Compiler>
		<Unit filename="../../../../vivado/vivado/FPGA_xilinx/vivado2019_2/workspace/jeudimarre/src/#GereMoteur.cpp#" />
		<Unit filename="../../../../vivado/vivado/FPGA_xilinx/vivado2019_2/workspace/jeudimarre/src/ConfigureFIRFPGA.cpp" />
		<Unit filename="../../../../vivado/vivado/FPGA_xilinx/vivado2019_2/workspace/jeudimarre/src/ConfigureFIRFPGA.h" />
		<Unit filename="../../../../vivado/vivado/FPGA_xilinx/vivado2019_2/workspace/jeudimarre/src/ConfigureVolumes.cpp" />
		<Unit filename="../../../../vivado/vivado/FPGA_xilinx/vivado2019_2/workspace/jeudimarre/src/ConfigureVolumes.h" />
		<Unit filename="../../../../vivado/vivado/FPGA_xilinx/vivado2019_2/workspace/jeudimarre/src/GereCapteurDistance.cpp" />
		<Unit filename="../../../../vivado/vivado/FPGA_xilinx/vivado2019_2/workspace/jeudimarre/src/GereCapteurDistance.h" />
		<Unit filename="../../../../vivado/vivado/FPGA_xilinx/vivado2019_2/workspace/jeudimarre/src/GereLed.cpp" />
		<Unit filename="../../../../vivado/vivado/FPGA_xilinx/vivado2019_2/workspace/jeudimarre/src/GereLed.h" />
		<Unit filename="../../../../vivado/vivado/FPGA_xilinx/vivado2019_2/workspace/jeudimarre/src/GereMoteur.cpp" />
		<Unit filename="../../../../vivado/vivado/FPGA_xilinx/vivado2019_2/workspace/jeudimarre/src/GereMoteur.h" />
		<Unit filename="../../../../vivado/vivado/FPGA_xilinx/vivado2019_2/workspace/jeudimarre/src/GereMoteur_test.cpp" />
		<Unit filename="../../../../vivado/vivado/FPGA_xilinx/vivado2019_2/workspace/jeudimarre/src/GestionTraction.cpp" />
		<Unit filename="../../../../vivado/vivado/FPGA_xilinx/vivado2019_2/workspace/jeudimarre/src/GestionTraction.h" />
		<Unit filename="../../../../vivado/vivado/FPGA_xilinx/vivado2019_2/workspace/jeudimarre/src/Messagerie.cpp" />
		<Unit filename="../../../../vivado/vivado/FPGA_xilinx/vivado2019_2/workspace/jeudimarre/src/Messagerie.h" />
		<Unit filename="../../../../vivado/vivado/FPGA_xilinx/vivado2019_2/workspace/jeudimarre/src/MonPWM.cpp" />
		<Unit filename="../../../../vivado/vivado/FPGA_xilinx/vivado2019_2/workspace/jeudimarre/src/MonPWM.h" />
		<Unit filename="../../../../vivado/vivado/FPGA_xilinx/vivado2019_2/workspace/jeudimarre/src/MonPWM_test.cpp" />
		<Unit filename="../../../../vivado/vivado/FPGA_xilinx/vivado2019_2/workspace/jeudimarre/src/README.txt" />
		<Unit filename="../../../../vivado/vivado/FPGA_xilinx/vivado2019_2/workspace/jeudimarre/src/SensMoteur.cpp" />
		<Unit filename="../../../../vivado/vivado/FPGA_xilinx/vivado2019_2/workspace/jeudimarre/src/SensMoteur.h" />
		<Unit filename="../../../../vivado/vivado/FPGA_xilinx/vivado2019_2/workspace/jeudimarre/src/Tache.cpp" />
		<Unit filename="../../../../vivado/vivado/FPGA_xilinx/vivado2019_2/workspace/jeudimarre/src/Tache.h" />
		<Unit filename="../../../../vivado/vivado/FPGA_xilinx/vivado2019_2/workspace/jeudimarre/src/Testlibuart.cpp" />
		<Unit filename="../../../../vivado/vivado/FPGA_xilinx/vivado2019_2/workspace/jeudimarre/src/Testlibuart.h" />
		<Unit filename="../../../../vivado/vivado/FPGA_xilinx/vivado2019_2/workspace/jeudimarre/src/TransfereAXI.cpp" />
		<Unit filename="../../../../vivado/vivado/FPGA_xilinx/vivado2019_2/workspace/jeudimarre/src/TransfertAXI.h" />
		<Unit filename="../../../../vivado/vivado/FPGA_xilinx/vivado2019_2/workspace/jeudimarre/src/Xilinx.spec" />
		<Unit filename="../../../../vivado/vivado/FPGA_xilinx/vivado2019_2/workspace/jeudimarre/src/config_du_system.h" />
		<Unit filename="../../../../vivado/vivado/FPGA_xilinx/vivado2019_2/workspace/jeudimarre/src/donnees_FIR.h" />
		<Unit filename="../../../../vivado/vivado/FPGA_xilinx/vivado2019_2/workspace/jeudimarre/src/lscript.ld" />
		<Unit filename="../../../../vivado/vivado/FPGA_xilinx/vivado2019_2/workspace/jeudimarre/src/main.cc" />
		<Unit filename="../../../../vivado/vivado/FPGA_xilinx/vivado2019_2/workspace/jeudimarre/src/type.h" />
		<Unit filename="../../projRobotlinux/ConfigureFIRFPGA.cpp" />
		<Unit filename="../../projRobotlinux/ConfigureFIRFPGA.h" />
		<Unit filename="../../projRobotlinux/ConfigureVolumes.cpp" />
		<Unit filename="../../projRobotlinux/ConfigureVolumes.h" />
		<Unit filename="../../projRobotlinux/GereCapteurDistance.cpp" />
		<Unit filename="../../projRobotlinux/GereCapteurDistance.h" />
		<Unit filename="../../projRobotlinux/GereLed.cpp" />
		<Unit filename="../../projRobotlinux/GereLed.h" />
		<Unit filename="../../projRobotlinux/GereMoteur.cpp" />
		<Unit filename="../../projRobotlinux/GereMoteur.h" />
		<Unit filename="../../projRobotlinux/GereMoteur_test.cpp" />
		<Unit filename="../../projRobotlinux/GestionTraction.cpp" />
		<Unit filename="../../projRobotlinux/GestionTraction.h" />
		<Unit filename="../../projRobotlinux/Messagerie.cpp" />
		<Unit filename="../../projRobotlinux/Messagerie.h" />
		<Unit filename="../../projRobotlinux/MonPWM.cpp" />
		<Unit filename="../../projRobotlinux/MonPWM.h" />
		<Unit filename="../../projRobotlinux/MonPWM_test.cpp" />
		<Unit filename="../../projRobotlinux/README.txt" />
		<Unit filename="../../projRobotlinux/SensMoteur.cpp" />
		<Unit filename="../../projRobotlinux/SensMoteur.h" />
		<Unit filename="../../projRobotlinux/Tache.cpp" />
		<Unit filename="../../projRobotlinux/Tache.h" />
		<Unit filename="../../projRobotlinux/Testlibuart.cpp" />
		<Unit filename="../../projRobotlinux/Testlibuart.h" />
		<Unit filename="../../projRobotlinux/TransfereAXI.cpp" />
		<Unit filename="../../projRobotlinux/TransfertAXI.h" />
		<Unit filename="../../projRobotlinux/Xilinx.spec" />
		<Unit filename="../../projRobotlinux/config_du_system.h" />
		<Unit filename="../../projRobotlinux/donnees_FIR.h" />
		<Unit filename="../../projRobotlinux/lscript.ld" />
		<Unit filename="../../projRobotlinux/main.cc" />
		<Unit filename="../../projRobotlinux/main.cpp" />
		<Unit filename="../../projRobotlinux/projRobotlinux.cbp" />
		<Unit filename="../../projRobotlinux/projRobotlinux.depend" />
		<Unit filename="../../projRobotlinux/projRobotlinux.layout" />
		<Unit filename="../../projRobotlinux/type.h" />
		<Unit filename="main.cpp" />
		<Extensions>
			<code_completion />
			<debugger />
		</Extensions>
	</Project>
</CodeBlocks_project_file>
